
Microsoft Visual Studio Solution File, Format Version 12.00
# Visual Studio Version 16
VisualStudioVersion = 16.0.32602.291
MinimumVisualStudioVersion = 10.0.40219.1
Project("{FAE04EC0-301F-11D3-BF4B-00C04F79EFBC}") = "ExcelCorrOfReports", "ExcelAnalyzeWorkbook\ExcelCorrOfReports.csproj", "{11D12ED5-1A60-4923-B0EE-B0F97D3C638E}"
EndProject
Global
	GlobalSection(SolutionConfigurationPlatforms) = preSolution
		Debug|Any CPU = Debug|Any CPU
		Release|Any CPU = Release|Any CPU
	EndGlobalSection
	GlobalSection(ProjectConfigurationPlatforms) = postSolution
		{11D12ED5-1A60-4923-B0EE-B0F97D3C638E}.Debug|Any CPU.ActiveCfg = Debug|Any CPU
		{11D12ED5-1A60-4923-B0EE-B0F97D3C638E}.Debug|Any CPU.Build.0 = Debug|Any CPU
		{11D12ED5-1A60-4923-B0EE-B0F97D3C638E}.Release|Any CPU.ActiveCfg = Release|Any CPU
		{11D12ED5-1A60-4923-B0EE-B0F97D3C638E}.Release|Any CPU.Build.0 = Release|Any CPU
	EndGlobalSection
	GlobalSection(SolutionProperties) = preSolution
		HideSolutionNode = FALSE
	EndGlobalSection
	GlobalSection(ExtensibilityGlobals) = postSolution
		SolutionGuid = {4615F4E3-C60E-46D8-A719-0627596F4F00}
	EndGlobalSection
EndGlobal
